{
  "version": 4,
  "terraform_version": "1.2.8",
  "serial": 1,
  "lineage": "744048d7-b7cd-af84-7912-88e646faa5e8",
  "outputs": {},
  "resources": [
    {
      "mode": "data",
      "type": "azurerm_app_configuration",
      "name": "example",
      "provider": "provider[\"registry.terraform.io/hashicorp/azurerm\"]",
      "instances": [
        {
          "schema_version": 0,
          "attributes": {
            "endpoint": "https://myappconffffff.azconfig.io",
            "id": "/subscriptions/7d357068-33cb-4607-bb4d-02eaf5d20f25/resourceGroups/tfeastus/providers/Microsoft.AppConfiguration/configurationStores/myappconffffff",
            "location": "eastus",
            "name": "myappconffffff",
            "primary_read_key": [
              {
                "connection_string": "Endpoint=https://myappconffffff.azconfig.io;Id=EHgM-l0-s0:AJyv1yaT0fxoYZgVRAfk;Secret=mtFrfx4dVoKyX42VFfklgvE3BxxQm7tv4xXhfZsQnhw=",
                "id": "EHgM-l0-s0:AJyv1yaT0fxoYZgVRAfk",
                "secret": "mtFrfx4dVoKyX42VFfklgvE3BxxQm7tv4xXhfZsQnhw="
              }
            ],
            "primary_write_key": [
              {
                "connection_string": "Endpoint=https://myappconffffff.azconfig.io;Id=ZLyj-l0-s0:YezE/spYUWTRFiExZeMD;Secret=w0nwAC6piyMvHb+gyuwg9hPgG4wrboGUU6fwwNT7jos=",
                "id": "ZLyj-l0-s0:YezE/spYUWTRFiExZeMD",
                "secret": "w0nwAC6piyMvHb+gyuwg9hPgG4wrboGUU6fwwNT7jos="
              }
            ],
            "resource_group_name": "tfeastus",
            "secondary_read_key": [
              {
                "connection_string": "Endpoint=https://myappconffffff.azconfig.io;Id=QX3A-l0-s0:ctwyIsfVLFMvoJgp+bbb;Secret=w2ZHL4D1KiDunVB9Eh74gr24MXGlXPL9dI06ERn02HE=",
                "id": "QX3A-l0-s0:ctwyIsfVLFMvoJgp+bbb",
                "secret": "w2ZHL4D1KiDunVB9Eh74gr24MXGlXPL9dI06ERn02HE="
              }
            ],
            "secondary_write_key": [
              {
                "connection_string": "Endpoint=https://myappconffffff.azconfig.io;Id=VXHf-l0-s0:3laVodVhJEdJPnDR/k1I;Secret=YtS8UosMwXEjVCoNHNFd0Tcd+XgVOOGUuu5txJv0CNo=",
                "id": "VXHf-l0-s0:3laVodVhJEdJPnDR/k1I",
                "secret": "YtS8UosMwXEjVCoNHNFd0Tcd+XgVOOGUuu5txJv0CNo="
              }
            ],
            "sku": "standard",
            "tags": {},
            "timeouts": null
          },
          "sensitive_attributes": []
        }
      ]
    },
    {
      "mode": "data",
      "type": "azurerm_linux_web_app",
      "name": "example",
      "provider": "provider[\"registry.terraform.io/hashicorp/azurerm\"]",
      "instances": [
        {
          "schema_version": 0,
          "attributes": {
            "app_metadata": {},
            "app_settings": {},
            "auth_settings": [
              {
                "active_directory": [],
                "additional_login_parameters": {},
                "allowed_external_redirect_urls": [],
                "default_provider": "",
                "enabled": false,
                "facebook": [],
                "github": [],
                "google": [],
                "issuer": "",
                "microsoft": [],
                "runtime_version": "",
                "token_refresh_extension_hours": 0,
                "token_store_enabled": false,
                "twitter": [],
                "unauthenticated_client_action": ""
              }
            ],
            "backup": [],
            "client_affinity_enabled": false,
            "client_certificate_enabled": false,
            "client_certificate_mode": "Required",
            "connection_string": [],
            "custom_domain_verification_id": "63FCB78C949D33FA94A828357AEFC0F46C4FEF7CCB6BEA824B503AA67F1D9CF1",
            "default_hostname": "myuniquelinuxwebapplication.azurewebsites.net",
            "enabled": true,
            "https_only": false,
            "id": "/subscriptions/7d357068-33cb-4607-bb4d-02eaf5d20f25/resourceGroups/tfeastus/providers/Microsoft.Web/sites/myuniquelinuxwebapplication",
            "identity": [
              {
                "identity_ids": [],
                "principal_id": "e94c80ae-97f3-4b69-b0eb-4e86c0bd1ecf",
                "tenant_id": "5d26cd72-b7b5-410d-969c-0b980709fdf6",
                "type": "SystemAssigned"
              }
            ],
            "key_vault_reference_identity_id": "",
            "kind": "app,linux,container",
            "location": "eastus",
            "logs": [],
            "name": "myuniquelinuxwebapplication",
            "outbound_ip_address_list": [
              "20.42.36.182",
              "20.42.37.79",
              "20.42.39.183",
              "52.188.40.50",
              "52.188.40.190",
              "52.188.40.212",
              "20.49.104.9"
            ],
            "outbound_ip_addresses": "20.42.36.182,20.42.37.79,20.42.39.183,52.188.40.50,52.188.40.190,52.188.40.212,20.49.104.9",
            "possible_outbound_ip_address_list": [
              "52.151.232.37",
              "52.179.115.85",
              "52.188.38.160",
              "20.42.34.0",
              "20.42.34.103",
              "20.42.34.127",
              "20.42.36.182",
              "20.42.37.79",
              "20.42.39.183",
              "52.188.40.50",
              "52.188.40.190",
              "52.188.40.212",
              "52.188.42.76",
              "52.188.42.131",
              "52.188.43.40",
              "52.188.43.177",
              "52.188.43.221",
              "52.188.44.142",
              "52.188.74.218",
              "52.142.29.202",
              "52.147.216.212",
              "52.147.216.250",
              "52.147.217.187",
              "52.147.217.236",
              "20.49.104.9"
            ],
            "possible_outbound_ip_addresses": "52.151.232.37,52.179.115.85,52.188.38.160,20.42.34.0,20.42.34.103,20.42.34.127,20.42.36.182,20.42.37.79,20.42.39.183,52.188.40.50,52.188.40.190,52.188.40.212,52.188.42.76,52.188.42.131,52.188.43.40,52.188.43.177,52.188.43.221,52.188.44.142,52.188.74.218,52.142.29.202,52.147.216.212,52.147.216.250,52.147.217.187,52.147.217.236,20.49.104.9",
            "resource_group_name": "tfeastus",
            "service_plan_id": "/subscriptions/7d357068-33cb-4607-bb4d-02eaf5d20f25/resourceGroups/tfeastus/providers/Microsoft.Web/serverfarms/someserviceplan",
            "site_config": [
              {
                "always_on": true,
                "api_definition_url": "",
                "api_management_api_id": "",
                "app_command_line": "",
                "application_stack": [
                  {
                    "docker_image": "mcr.microsoft.com/appsvc/staticsite",
                    "docker_image_tag": "latest",
                    "dotnet_version": "",
                    "java_server": "",
                    "java_server_version": "",
                    "java_version": "",
                    "node_version": "",
                    "php_version": "",
                    "python_version": "",
                    "ruby_version": ""
                  }
                ],
                "auto_heal_enabled": false,
                "auto_heal_setting": [],
                "container_registry_managed_identity_client_id": "",
                "container_registry_use_managed_identity": false,
                "cors": [],
                "default_documents": [
                  "Default.htm",
                  "Default.html",
                  "Default.asp",
                  "index.htm",
                  "index.html",
                  "iisstart.htm",
                  "default.aspx",
                  "index.php",
                  "hostingstart.html"
                ],
                "detailed_error_logging_enabled": false,
                "ftps_state": "Disabled",
                "health_check_eviction_time_in_min": 0,
                "health_check_path": "",
                "http2_enabled": false,
                "ip_restriction": [],
                "linux_fx_version": "DOCKER|mcr.microsoft.com/appsvc/staticsite:latest",
                "load_balancing_mode": "LeastRequests",
                "local_mysql_enabled": false,
                "managed_pipeline_mode": "Integrated",
                "minimum_tls_version": "1.2",
                "remote_debugging_enabled": false,
                "remote_debugging_version": "VS2019",
                "scm_ip_restriction": [],
                "scm_minimum_tls_version": "1.2",
                "scm_type": "None",
                "scm_use_main_ip_restriction": false,
                "use_32_bit_worker": true,
                "vnet_route_all_enabled": false,
                "websockets_enabled": false,
                "worker_count": 1
              }
            ],
            "site_credential": [
              {
                "name": "$myuniquelinuxwebapplication",
                "password": "vcAZ4wGfuXhL4aMDQ4FPJSELc2pfzeb4GA6tsrj8y5ToAa4SubMTk0z6jHCP"
              }
            ],
            "storage_account": [],
            "tags": {},
            "timeouts": null
          },
          "sensitive_attributes": []
        }
      ]
    },
    {
      "mode": "managed",
      "type": "azurerm_role_assignment",
      "name": "example",
      "provider": "provider[\"registry.terraform.io/hashicorp/azurerm\"]",
      "instances": [
        {
          "schema_version": 0,
          "attributes": {
            "condition": "",
            "condition_version": "",
            "delegated_managed_identity_resource_id": "",
            "description": "",
            "id": "/subscriptions/7d357068-33cb-4607-bb4d-02eaf5d20f25/resourceGroups/tfeastus/providers/Microsoft.AppConfiguration/configurationStores/myappconffffff/providers/Microsoft.Authorization/roleAssignments/263ccf4c-e196-d52b-096c-57eef74402ec",
            "name": "263ccf4c-e196-d52b-096c-57eef74402ec",
            "principal_id": "e94c80ae-97f3-4b69-b0eb-4e86c0bd1ecf",
            "principal_type": "ServicePrincipal",
            "role_definition_id": "/subscriptions/7d357068-33cb-4607-bb4d-02eaf5d20f25/providers/Microsoft.Authorization/roleDefinitions/516239f1-63e1-4d78-a4de-a74fb236a071",
            "role_definition_name": "App Configuration Data Reader",
            "scope": "/subscriptions/7d357068-33cb-4607-bb4d-02eaf5d20f25/resourceGroups/tfeastus/providers/Microsoft.AppConfiguration/configurationStores/myappconffffff",
            "skip_service_principal_aad_check": null,
            "timeouts": null
          },
          "sensitive_attributes": [],
          "private": "eyJlMmJmYjczMC1lY2FhLTExZTYtOGY4OC0zNDM2M2JjN2M0YzAiOnsiY3JlYXRlIjoxODAwMDAwMDAwMDAwLCJkZWxldGUiOjE4MDAwMDAwMDAwMDAsInJlYWQiOjMwMDAwMDAwMDAwMCwidXBkYXRlIjoxODAwMDAwMDAwMDAwfX0=",
          "dependencies": [
            "data.azurerm_app_configuration.example",
            "data.azurerm_linux_web_app.example"
          ]
        }
      ]
    }
  ]
}
