{
  "version": 4,
  "terraform_version": "1.2.8",
  "serial": 7,
  "lineage": "4cc575e6-f31b-6cce-fd86-58eb790fec2a",
  "outputs": {},
  "resources": [
    {
      "mode": "data",
      "type": "azurerm_public_ip",
      "name": "test",
      "provider": "provider[\"registry.terraform.io/hashicorp/azurerm\"]",
      "instances": [
        {
          "schema_version": 0,
          "attributes": {
            "allocation_method": "Static",
            "domain_name_label": "",
            "fqdn": "",
            "id": "/subscriptions/7d357068-33cb-4607-bb4d-02eaf5d20f25/resourceGroups/tfeastus/providers/Microsoft.Network/publicIPAddresses/myPublicIP",
            "idle_timeout_in_minutes": 4,
            "ip_address": "20.232.192.248",
            "ip_tags": {},
            "ip_version": "IPv4",
            "location": "eastus",
            "name": "myPublicIP",
            "resource_group_name": "tfeastus",
            "reverse_fqdn": "",
            "sku": "Standard",
            "tags": {},
            "timeouts": null,
            "zones": []
          },
          "sensitive_attributes": []
        }
      ]
    },
    {
      "mode": "data",
      "type": "azurerm_subnet",
      "name": "example",
      "provider": "provider[\"registry.terraform.io/hashicorp/azurerm\"]",
      "instances": [
        {
          "schema_version": 0,
          "attributes": {
            "address_prefix": "10.0.1.0/24",
            "address_prefixes": [
              "10.0.1.0/24"
            ],
            "enforce_private_link_endpoint_network_policies": false,
            "enforce_private_link_service_network_policies": false,
            "id": "/subscriptions/7d357068-33cb-4607-bb4d-02eaf5d20f25/resourceGroups/tfeastus/providers/Microsoft.Network/virtualNetworks/myVnetTF/subnets/SUBNET-0",
            "name": "SUBNET-0",
            "network_security_group_id": "/subscriptions/7d357068-33cb-4607-bb4d-02eaf5d20f25/resourceGroups/tfeastus/providers/Microsoft.Network/networkSecurityGroups/myNsgName",
            "resource_group_name": "tfeastus",
            "route_table_id": "",
            "service_endpoints": [],
            "timeouts": null,
            "virtual_network_name": "myVnetTF"
          },
          "sensitive_attributes": []
        }
      ]
    },
    {
      "mode": "managed",
      "type": "azurerm_web_application_firewall_policy",
      "name": "example",
      "provider": "provider[\"registry.terraform.io/hashicorp/azurerm\"]",
      "instances": [
        {
          "schema_version": 0,
          "attributes": {
            "custom_rules": [
              {
                "action": "Block",
                "match_conditions": [
                  {
                    "match_values": [
                      "192.168.1.0/24",
                      "10.0.0.0/24"
                    ],
                    "match_variables": [
                      {
                        "selector": "",
                        "variable_name": "RemoteAddr"
                      }
                    ],
                    "negation_condition": false,
                    "operator": "IPMatch",
                    "transforms": []
                  }
                ],
                "name": "Rule1",
                "priority": 1,
                "rule_type": "MatchRule"
              },
              {
                "action": "Block",
                "match_conditions": [
                  {
                    "match_values": [
                      "192.168.1.0/24"
                    ],
                    "match_variables": [
                      {
                        "selector": "",
                        "variable_name": "RemoteAddr"
                      }
                    ],
                    "negation_condition": false,
                    "operator": "IPMatch",
                    "transforms": []
                  },
                  {
                    "match_values": [
                      "Windows"
                    ],
                    "match_variables": [
                      {
                        "selector": "UserAgent",
                        "variable_name": "RequestHeaders"
                      }
                    ],
                    "negation_condition": false,
                    "operator": "Contains",
                    "transforms": []
                  }
                ],
                "name": "Rule2",
                "priority": 2,
                "rule_type": "MatchRule"
              }
            ],
            "http_listener_ids": [],
            "id": "/subscriptions/7d357068-33cb-4607-bb4d-02eaf5d20f25/resourceGroups/tfeastus/providers/Microsoft.Network/ApplicationGatewayWebApplicationFirewallPolicies/example-wafpolicy",
            "location": "eastus",
            "managed_rules": [
              {
                "exclusion": [
                  {
                    "match_variable": "RequestHeaderNames",
                    "selector": "x-company-secret-header",
                    "selector_match_operator": "Equals"
                  },
                  {
                    "match_variable": "RequestCookieNames",
                    "selector": "too-tasty",
                    "selector_match_operator": "EndsWith"
                  }
                ],
                "managed_rule_set": [
                  {
                    "rule_group_override": [
                      {
                        "disabled_rules": [
                          "920300",
                          "920440"
                        ],
                        "rule_group_name": "REQUEST-920-PROTOCOL-ENFORCEMENT"
                      }
                    ],
                    "type": "OWASP",
                    "version": "3.1"
                  }
                ]
              }
            ],
            "name": "example-wafpolicy",
            "path_based_rule_ids": [],
            "policy_settings": [
              {
                "enabled": true,
                "file_upload_limit_in_mb": 100,
                "max_request_body_size_in_kb": 128,
                "mode": "Prevention",
                "request_body_check": true
              }
            ],
            "resource_group_name": "tfeastus",
            "tags": {},
            "timeouts": null
          },
          "sensitive_attributes": [],
          "private": "eyJlMmJmYjczMC1lY2FhLTExZTYtOGY4OC0zNDM2M2JjN2M0YzAiOnsiY3JlYXRlIjoxODAwMDAwMDAwMDAwLCJkZWxldGUiOjE4MDAwMDAwMDAwMDAsInJlYWQiOjMwMDAwMDAwMDAwMCwidXBkYXRlIjoxODAwMDAwMDAwMDAwfX0="
        }
      ]
    }
  ]
}
