{
  "version": 4,
  "terraform_version": "1.2.8",
  "serial": 9,
  "lineage": "4cc575e6-f31b-6cce-fd86-58eb790fec2a",
  "outputs": {},
  "resources": [
    {
      "mode": "data",
      "type": "azurerm_public_ip",
      "name": "test",
      "provider": "provider[\"registry.terraform.io/hashicorp/azurerm\"]",
      "instances": [
        {
          "schema_version": 0,
          "attributes": {
            "allocation_method": "Static",
            "domain_name_label": "",
            "fqdn": "",
            "id": "/subscriptions/7d357068-33cb-4607-bb4d-02eaf5d20f25/resourceGroups/tfeastus/providers/Microsoft.Network/publicIPAddresses/myPublicIP",
            "idle_timeout_in_minutes": 4,
            "ip_address": "20.232.192.248",
            "ip_tags": {},
            "ip_version": "IPv4",
            "location": "eastus",
            "name": "myPublicIP",
            "resource_group_name": "tfeastus",
            "reverse_fqdn": "",
            "sku": "Standard",
            "tags": {},
            "timeouts": null,
            "zones": []
          },
          "sensitive_attributes": []
        }
      ]
    },
    {
      "mode": "data",
      "type": "azurerm_subnet",
      "name": "example",
      "provider": "provider[\"registry.terraform.io/hashicorp/azurerm\"]",
      "instances": [
        {
          "schema_version": 0,
          "attributes": {
            "address_prefix": "10.0.2.0/24",
            "address_prefixes": [
              "10.0.2.0/24"
            ],
            "enforce_private_link_endpoint_network_policies": false,
            "enforce_private_link_service_network_policies": false,
            "id": "/subscriptions/7d357068-33cb-4607-bb4d-02eaf5d20f25/resourceGroups/tfeastus/providers/Microsoft.Network/virtualNetworks/myVnetTF/subnets/SUBNET-1",
            "name": "SUBNET-1",
            "network_security_group_id": "",
            "resource_group_name": "tfeastus",
            "route_table_id": "",
            "service_endpoints": [],
            "timeouts": null,
            "virtual_network_name": "myVnetTF"
          },
          "sensitive_attributes": []
        }
      ]
    },
    {
      "mode": "managed",
      "type": "azurerm_application_gateway",
      "name": "network",
      "provider": "provider[\"registry.terraform.io/hashicorp/azurerm\"]",
      "instances": [
        {
          "schema_version": 0,
          "attributes": {
            "authentication_certificate": [],
            "autoscale_configuration": [],
            "backend_address_pool": [
              {
                "fqdns": [],
                "id": "/subscriptions/7d357068-33cb-4607-bb4d-02eaf5d20f25/resourceGroups/tfeastus/providers/Microsoft.Network/applicationGateways/myuniqgatewayname/backendAddressPools/mybackendaddresppol",
                "ip_addresses": [
                  "10.1.2.3"
                ],
                "name": "mybackendaddresppol"
              }
            ],
            "backend_http_settings": [
              {
                "affinity_cookie_name": "",
                "authentication_certificate": [],
                "connection_draining": [],
                "cookie_based_affinity": "Disabled",
                "host_name": "",
                "id": "/subscriptions/7d357068-33cb-4607-bb4d-02eaf5d20f25/resourceGroups/tfeastus/providers/Microsoft.Network/applicationGateways/myuniqgatewayname/backendHttpSettingsCollection/myuniquehttpsettings",
                "name": "myuniquehttpsettings",
                "path": "",
                "pick_host_name_from_backend_address": false,
                "port": 80,
                "probe_id": "",
                "probe_name": "",
                "protocol": "Http",
                "request_timeout": 60,
                "trusted_root_certificate_names": []
              }
            ],
            "custom_error_configuration": [],
            "enable_http2": false,
            "fips_enabled": false,
            "firewall_policy_id": "/subscriptions/7d357068-33cb-4607-bb4d-02eaf5d20f25/resourceGroups/tfeastus/providers/Microsoft.Network/ApplicationGatewayWebApplicationFirewallPolicies/example-wafpolicy",
            "force_firewall_policy_association": false,
            "frontend_ip_configuration": [
              {
                "id": "/subscriptions/7d357068-33cb-4607-bb4d-02eaf5d20f25/resourceGroups/tfeastus/providers/Microsoft.Network/applicationGateways/myuniqgatewayname/frontendIPConfigurations/myfrontendipconfiguration",
                "name": "myfrontendipconfiguration",
                "private_ip_address": "",
                "private_ip_address_allocation": "Dynamic",
                "private_link_configuration_id": "",
                "private_link_configuration_name": "",
                "public_ip_address_id": "/subscriptions/7d357068-33cb-4607-bb4d-02eaf5d20f25/resourceGroups/tfeastus/providers/Microsoft.Network/publicIPAddresses/myPublicIP",
                "subnet_id": ""
              }
            ],
            "frontend_port": [
              {
                "id": "/subscriptions/7d357068-33cb-4607-bb4d-02eaf5d20f25/resourceGroups/tfeastus/providers/Microsoft.Network/applicationGateways/myuniqgatewayname/frontendPorts/port_80",
                "name": "port_80",
                "port": 80
              }
            ],
            "gateway_ip_configuration": [
              {
                "id": "/subscriptions/7d357068-33cb-4607-bb4d-02eaf5d20f25/resourceGroups/tfeastus/providers/Microsoft.Network/applicationGateways/myuniqgatewayname/gatewayIPConfigurations/my-gateway-ip-configuration",
                "name": "my-gateway-ip-configuration",
                "subnet_id": "/subscriptions/7d357068-33cb-4607-bb4d-02eaf5d20f25/resourceGroups/tfeastus/providers/Microsoft.Network/virtualNetworks/myVnetTF/subnets/SUBNET-1"
              }
            ],
            "http_listener": [
              {
                "custom_error_configuration": [],
                "firewall_policy_id": "",
                "frontend_ip_configuration_id": "/subscriptions/7d357068-33cb-4607-bb4d-02eaf5d20f25/resourceGroups/tfeastus/providers/Microsoft.Network/applicationGateways/myuniqgatewayname/frontendIPConfigurations/myfrontendipconfiguration",
                "frontend_ip_configuration_name": "myfrontendipconfiguration",
                "frontend_port_id": "/subscriptions/7d357068-33cb-4607-bb4d-02eaf5d20f25/resourceGroups/tfeastus/providers/Microsoft.Network/applicationGateways/myuniqgatewayname/frontendPorts/port_80",
                "frontend_port_name": "port_80",
                "host_name": "",
                "host_names": [],
                "id": "/subscriptions/7d357068-33cb-4607-bb4d-02eaf5d20f25/resourceGroups/tfeastus/providers/Microsoft.Network/applicationGateways/myuniqgatewayname/httpListeners/myhttplistener",
                "name": "myhttplistener",
                "protocol": "Http",
                "require_sni": false,
                "ssl_certificate_id": "",
                "ssl_certificate_name": "",
                "ssl_profile_id": "",
                "ssl_profile_name": ""
              }
            ],
            "id": "/subscriptions/7d357068-33cb-4607-bb4d-02eaf5d20f25/resourceGroups/tfeastus/providers/Microsoft.Network/applicationGateways/myuniqgatewayname",
            "identity": [],
            "location": "eastus",
            "name": "myuniqgatewayname",
            "private_endpoint_connection": [],
            "private_link_configuration": [],
            "probe": [],
            "redirect_configuration": [],
            "request_routing_rule": [
              {
                "backend_address_pool_id": "/subscriptions/7d357068-33cb-4607-bb4d-02eaf5d20f25/resourceGroups/tfeastus/providers/Microsoft.Network/applicationGateways/myuniqgatewayname/backendAddressPools/mybackendaddresppol",
                "backend_address_pool_name": "mybackendaddresppol",
                "backend_http_settings_id": "/subscriptions/7d357068-33cb-4607-bb4d-02eaf5d20f25/resourceGroups/tfeastus/providers/Microsoft.Network/applicationGateways/myuniqgatewayname/backendHttpSettingsCollection/myuniquehttpsettings",
                "backend_http_settings_name": "myuniquehttpsettings",
                "http_listener_id": "/subscriptions/7d357068-33cb-4607-bb4d-02eaf5d20f25/resourceGroups/tfeastus/providers/Microsoft.Network/applicationGateways/myuniqgatewayname/httpListeners/myhttplistener",
                "http_listener_name": "myhttplistener",
                "id": "/subscriptions/7d357068-33cb-4607-bb4d-02eaf5d20f25/resourceGroups/tfeastus/providers/Microsoft.Network/applicationGateways/myuniqgatewayname/requestRoutingRules/requestroutingrule",
                "name": "requestroutingrule",
                "priority": 0,
                "redirect_configuration_id": "",
                "redirect_configuration_name": "",
                "rewrite_rule_set_id": "",
                "rewrite_rule_set_name": "",
                "rule_type": "Basic",
                "url_path_map_id": "",
                "url_path_map_name": ""
              }
            ],
            "resource_group_name": "tfeastus",
            "rewrite_rule_set": [],
            "sku": [
              {
                "capacity": 2,
                "name": "WAF_v2",
                "tier": "WAF_v2"
              }
            ],
            "ssl_certificate": [],
            "ssl_policy": [
              {
                "cipher_suites": [],
                "disabled_protocols": [],
                "min_protocol_version": "",
                "policy_name": "AppGwSslPolicy20150501",
                "policy_type": "Predefined"
              }
            ],
            "ssl_profile": [],
            "tags": null,
            "timeouts": null,
            "trusted_client_certificate": [],
            "trusted_root_certificate": [],
            "url_path_map": [],
            "waf_configuration": [],
            "zones": null
          },
          "sensitive_attributes": [],
          "private": "eyJlMmJmYjczMC1lY2FhLTExZTYtOGY4OC0zNDM2M2JjN2M0YzAiOnsiY3JlYXRlIjo1NDAwMDAwMDAwMDAwLCJkZWxldGUiOjU0MDAwMDAwMDAwMDAsInJlYWQiOjMwMDAwMDAwMDAwMCwidXBkYXRlIjo1NDAwMDAwMDAwMDAwfX0=",
          "dependencies": [
            "azurerm_web_application_firewall_policy.example",
            "data.azurerm_public_ip.test",
            "data.azurerm_subnet.example"
          ]
        }
      ]
    },
    {
      "mode": "managed",
      "type": "azurerm_web_application_firewall_policy",
      "name": "example",
      "provider": "provider[\"registry.terraform.io/hashicorp/azurerm\"]",
      "instances": [
        {
          "schema_version": 0,
          "attributes": {
            "custom_rules": [
              {
                "action": "Block",
                "match_conditions": [
                  {
                    "match_values": [
                      "192.168.1.0/24",
                      "10.0.0.0/24"
                    ],
                    "match_variables": [
                      {
                        "selector": "",
                        "variable_name": "RemoteAddr"
                      }
                    ],
                    "negation_condition": false,
                    "operator": "IPMatch",
                    "transforms": []
                  }
                ],
                "name": "Rule1",
                "priority": 1,
                "rule_type": "MatchRule"
              },
              {
                "action": "Block",
                "match_conditions": [
                  {
                    "match_values": [
                      "192.168.1.0/24"
                    ],
                    "match_variables": [
                      {
                        "selector": "",
                        "variable_name": "RemoteAddr"
                      }
                    ],
                    "negation_condition": false,
                    "operator": "IPMatch",
                    "transforms": []
                  },
                  {
                    "match_values": [
                      "Windows"
                    ],
                    "match_variables": [
                      {
                        "selector": "UserAgent",
                        "variable_name": "RequestHeaders"
                      }
                    ],
                    "negation_condition": false,
                    "operator": "Contains",
                    "transforms": []
                  }
                ],
                "name": "Rule2",
                "priority": 2,
                "rule_type": "MatchRule"
              }
            ],
            "http_listener_ids": [],
            "id": "/subscriptions/7d357068-33cb-4607-bb4d-02eaf5d20f25/resourceGroups/tfeastus/providers/Microsoft.Network/ApplicationGatewayWebApplicationFirewallPolicies/example-wafpolicy",
            "location": "eastus",
            "managed_rules": [
              {
                "exclusion": [
                  {
                    "match_variable": "RequestHeaderNames",
                    "selector": "x-company-secret-header",
                    "selector_match_operator": "Equals"
                  },
                  {
                    "match_variable": "RequestCookieNames",
                    "selector": "too-tasty",
                    "selector_match_operator": "EndsWith"
                  }
                ],
                "managed_rule_set": [
                  {
                    "rule_group_override": [
                      {
                        "disabled_rules": [
                          "920300",
                          "920440"
                        ],
                        "rule_group_name": "REQUEST-920-PROTOCOL-ENFORCEMENT"
                      }
                    ],
                    "type": "OWASP",
                    "version": "3.1"
                  }
                ]
              }
            ],
            "name": "example-wafpolicy",
            "path_based_rule_ids": [],
            "policy_settings": [
              {
                "enabled": true,
                "file_upload_limit_in_mb": 100,
                "max_request_body_size_in_kb": 128,
                "mode": "Prevention",
                "request_body_check": true
              }
            ],
            "resource_group_name": "tfeastus",
            "tags": {},
            "timeouts": null
          },
          "sensitive_attributes": [],
          "private": "eyJlMmJmYjczMC1lY2FhLTExZTYtOGY4OC0zNDM2M2JjN2M0YzAiOnsiY3JlYXRlIjoxODAwMDAwMDAwMDAwLCJkZWxldGUiOjE4MDAwMDAwMDAwMDAsInJlYWQiOjMwMDAwMDAwMDAwMCwidXBkYXRlIjoxODAwMDAwMDAwMDAwfX0="
        }
      ]
    }
  ]
}
