{
  "version": 4,
  "terraform_version": "1.2.8",
  "serial": 5,
  "lineage": "94159eed-1ec9-85bf-d6de-e034c649871b",
  "outputs": {},
  "resources": [
    {
      "mode": "managed",
      "type": "azurerm_resource_group",
      "name": "example",
      "provider": "provider[\"registry.terraform.io/hashicorp/azurerm\"]",
      "instances": [
        {
          "schema_version": 0,
          "attributes": {
            "id": "/subscriptions/7d357068-33cb-4607-bb4d-02eaf5d20f25/resourceGroups/example-resources",
            "location": "westeurope",
            "name": "example-resources",
            "tags": {},
            "timeouts": null
          },
          "sensitive_attributes": [],
          "private": "eyJlMmJmYjczMC1lY2FhLTExZTYtOGY4OC0zNDM2M2JjN2M0YzAiOnsiY3JlYXRlIjo1NDAwMDAwMDAwMDAwLCJkZWxldGUiOjU0MDAwMDAwMDAwMDAsInJlYWQiOjMwMDAwMDAwMDAwMCwidXBkYXRlIjo1NDAwMDAwMDAwMDAwfX0="
        }
      ]
    },
    {
      "mode": "managed",
      "type": "azurerm_storage_account",
      "name": "example",
      "provider": "provider[\"registry.terraform.io/hashicorp/azurerm\"]",
      "instances": [
        {
          "schema_version": 3,
          "attributes": {
            "access_tier": "Hot",
            "account_kind": "StorageV2",
            "account_replication_type": "GRS",
            "account_tier": "Standard",
            "allow_nested_items_to_be_public": true,
            "azure_files_authentication": [],
            "blob_properties": [
              {
                "change_feed_enabled": false,
                "container_delete_retention_policy": [],
                "cors_rule": [],
                "default_service_version": "",
                "delete_retention_policy": [],
                "last_access_time_enabled": false,
                "versioning_enabled": false
              }
            ],
            "custom_domain": [],
            "customer_managed_key": [],
            "edge_zone": "",
            "enable_https_traffic_only": true,
            "id": "/subscriptions/7d357068-33cb-4607-bb4d-02eaf5d20f25/resourceGroups/example-resources/providers/Microsoft.Storage/storageAccounts/storageaccountnameqwetih",
            "identity": [],
            "infrastructure_encryption_enabled": false,
            "is_hns_enabled": false,
            "large_file_share_enabled": null,
            "location": "westeurope",
            "min_tls_version": "TLS1_2",
            "name": "storageaccountnameqwetih",
            "network_rules": [
              {
                "bypass": [
                  "AzureServices"
                ],
                "default_action": "Allow",
                "ip_rules": [],
                "private_link_access": [],
                "virtual_network_subnet_ids": []
              }
            ],
            "nfsv3_enabled": false,
            "primary_access_key": "4toKrBSGB93SSlZuK7s+JyczxYhG7rCG20NeEz6FV3vqJ0vVDtiQWc42DwcgrHQG3Zi3O6TlQraW+AStYDaUvQ==",
            "primary_blob_connection_string": "DefaultEndpointsProtocol=https;BlobEndpoint=https://storageaccountnameqwetih.blob.core.windows.net/;AccountName=storageaccountnameqwetih;AccountKey=4toKrBSGB93SSlZuK7s+JyczxYhG7rCG20NeEz6FV3vqJ0vVDtiQWc42DwcgrHQG3Zi3O6TlQraW+AStYDaUvQ==",
            "primary_blob_endpoint": "https://storageaccountnameqwetih.blob.core.windows.net/",
            "primary_blob_host": "storageaccountnameqwetih.blob.core.windows.net",
            "primary_connection_string": "DefaultEndpointsProtocol=https;AccountName=storageaccountnameqwetih;AccountKey=4toKrBSGB93SSlZuK7s+JyczxYhG7rCG20NeEz6FV3vqJ0vVDtiQWc42DwcgrHQG3Zi3O6TlQraW+AStYDaUvQ==;EndpointSuffix=core.windows.net",
            "primary_dfs_endpoint": "https://storageaccountnameqwetih.dfs.core.windows.net/",
            "primary_dfs_host": "storageaccountnameqwetih.dfs.core.windows.net",
            "primary_file_endpoint": "https://storageaccountnameqwetih.file.core.windows.net/",
            "primary_file_host": "storageaccountnameqwetih.file.core.windows.net",
            "primary_location": "westeurope",
            "primary_queue_endpoint": "https://storageaccountnameqwetih.queue.core.windows.net/",
            "primary_queue_host": "storageaccountnameqwetih.queue.core.windows.net",
            "primary_table_endpoint": "https://storageaccountnameqwetih.table.core.windows.net/",
            "primary_table_host": "storageaccountnameqwetih.table.core.windows.net",
            "primary_web_endpoint": "https://storageaccountnameqwetih.z6.web.core.windows.net/",
            "primary_web_host": "storageaccountnameqwetih.z6.web.core.windows.net",
            "queue_encryption_key_type": "Service",
            "queue_properties": [
              {
                "cors_rule": [],
                "hour_metrics": [
                  {
                    "enabled": true,
                    "include_apis": true,
                    "retention_policy_days": 7,
                    "version": "1.0"
                  }
                ],
                "logging": [
                  {
                    "delete": false,
                    "read": false,
                    "retention_policy_days": 0,
                    "version": "1.0",
                    "write": false
                  }
                ],
                "minute_metrics": [
                  {
                    "enabled": false,
                    "include_apis": false,
                    "retention_policy_days": 0,
                    "version": "1.0"
                  }
                ]
              }
            ],
            "resource_group_name": "example-resources",
            "routing": [],
            "secondary_access_key": "EMx6z36fDzGrZY0uQUxB6KWLRxvmjLlSmT3hVH7Wbqcom/rfXb7hzwuy32PGarUouyLWbkG14qXc+ASttTJC3A==",
            "secondary_blob_connection_string": "",
            "secondary_blob_endpoint": null,
            "secondary_blob_host": null,
            "secondary_connection_string": "DefaultEndpointsProtocol=https;AccountName=storageaccountnameqwetih;AccountKey=EMx6z36fDzGrZY0uQUxB6KWLRxvmjLlSmT3hVH7Wbqcom/rfXb7hzwuy32PGarUouyLWbkG14qXc+ASttTJC3A==;EndpointSuffix=core.windows.net",
            "secondary_dfs_endpoint": null,
            "secondary_dfs_host": null,
            "secondary_file_endpoint": null,
            "secondary_file_host": null,
            "secondary_location": "northeurope",
            "secondary_queue_endpoint": null,
            "secondary_queue_host": null,
            "secondary_table_endpoint": null,
            "secondary_table_host": null,
            "secondary_web_endpoint": null,
            "secondary_web_host": null,
            "share_properties": [
              {
                "cors_rule": [],
                "retention_policy": [
                  {
                    "days": 7
                  }
                ],
                "smb": []
              }
            ],
            "shared_access_key_enabled": true,
            "static_website": [],
            "table_encryption_key_type": "Service",
            "tags": null,
            "timeouts": null
          },
          "sensitive_attributes": [],
          "private": "eyJlMmJmYjczMC1lY2FhLTExZTYtOGY4OC0zNDM2M2JjN2M0YzAiOnsiY3JlYXRlIjozNjAwMDAwMDAwMDAwLCJkZWxldGUiOjM2MDAwMDAwMDAwMDAsInJlYWQiOjMwMDAwMDAwMDAwMCwidXBkYXRlIjozNjAwMDAwMDAwMDAwfSwic2NoZW1hX3ZlcnNpb24iOiIzIn0=",
          "dependencies": [
            "azurerm_resource_group.example"
          ]
        }
      ]
    }
  ]
}
