{
  "version": 4,
  "terraform_version": "1.2.8",
  "serial": 33,
  "lineage": "524d6943-f296-135d-9d13-716b98f76910",
  "outputs": {},
  "resources": [
    {
      "mode": "managed",
      "type": "azurerm_service_plan",
      "name": "example",
      "provider": "provider[\"registry.terraform.io/hashicorp/azurerm\"]",
      "instances": [
        {
          "schema_version": 0,
          "attributes": {
            "app_service_environment_id": "",
            "id": "/subscriptions/7d357068-33cb-4607-bb4d-02eaf5d20f25/resourceGroups/tfeastus/providers/Microsoft.Web/serverfarms/someserviceplan",
            "kind": "linux",
            "location": "eastus",
            "maximum_elastic_worker_count": 2,
            "name": "someserviceplan",
            "os_type": "Linux",
            "per_site_scaling_enabled": false,
            "reserved": true,
            "resource_group_name": "tfeastus",
            "sku_name": "P1v2",
            "tags": null,
            "timeouts": null,
            "worker_count": 2
          },
          "sensitive_attributes": [],
          "private": "eyJlMmJmYjczMC1lY2FhLTExZTYtOGY4OC0zNDM2M2JjN2M0YzAiOnsiY3JlYXRlIjozNjAwMDAwMDAwMDAwLCJkZWxldGUiOjM2MDAwMDAwMDAwMDAsInJlYWQiOjMwMDAwMDAwMDAwMCwidXBkYXRlIjozNjAwMDAwMDAwMDAwfX0="
        }
      ]
    }
  ]
}
