{
  "version": 4,
  "terraform_version": "1.2.8",
  "serial": 1,
  "lineage": "99147ca6-0177-ea01-aaf7-afc87f517a8f",
  "outputs": {},
  "resources": [
    {
      "mode": "managed",
      "type": "azurerm_app_configuration",
      "name": "appconf",
      "provider": "provider[\"registry.terraform.io/hashicorp/azurerm\"]",
      "instances": [
        {
          "schema_version": 0,
          "attributes": {
            "endpoint": "https://myappconffffff.azconfig.io",
            "id": "/subscriptions/7d357068-33cb-4607-bb4d-02eaf5d20f25/resourceGroups/tfeastus/providers/Microsoft.AppConfiguration/configurationStores/myappconffffff",
            "identity": [],
            "location": "eastus",
            "name": "myappconffffff",
            "primary_read_key": [
              {
                "connection_string": "Endpoint=https://myappconffffff.azconfig.io;Id=EHgM-l0-s0:AJyv1yaT0fxoYZgVRAfk;Secret=mtFrfx4dVoKyX42VFfklgvE3BxxQm7tv4xXhfZsQnhw=",
                "id": "EHgM-l0-s0:AJyv1yaT0fxoYZgVRAfk",
                "secret": "mtFrfx4dVoKyX42VFfklgvE3BxxQm7tv4xXhfZsQnhw="
              }
            ],
            "primary_write_key": [
              {
                "connection_string": "Endpoint=https://myappconffffff.azconfig.io;Id=ZLyj-l0-s0:YezE/spYUWTRFiExZeMD;Secret=w0nwAC6piyMvHb+gyuwg9hPgG4wrboGUU6fwwNT7jos=",
                "id": "ZLyj-l0-s0:YezE/spYUWTRFiExZeMD",
                "secret": "w0nwAC6piyMvHb+gyuwg9hPgG4wrboGUU6fwwNT7jos="
              }
            ],
            "resource_group_name": "tfeastus",
            "secondary_read_key": [
              {
                "connection_string": "Endpoint=https://myappconffffff.azconfig.io;Id=QX3A-l0-s0:ctwyIsfVLFMvoJgp+bbb;Secret=w2ZHL4D1KiDunVB9Eh74gr24MXGlXPL9dI06ERn02HE=",
                "id": "QX3A-l0-s0:ctwyIsfVLFMvoJgp+bbb",
                "secret": "w2ZHL4D1KiDunVB9Eh74gr24MXGlXPL9dI06ERn02HE="
              }
            ],
            "secondary_write_key": [
              {
                "connection_string": "Endpoint=https://myappconffffff.azconfig.io;Id=VXHf-l0-s0:3laVodVhJEdJPnDR/k1I;Secret=YtS8UosMwXEjVCoNHNFd0Tcd+XgVOOGUuu5txJv0CNo=",
                "id": "VXHf-l0-s0:3laVodVhJEdJPnDR/k1I",
                "secret": "YtS8UosMwXEjVCoNHNFd0Tcd+XgVOOGUuu5txJv0CNo="
              }
            ],
            "sku": "standard",
            "tags": null,
            "timeouts": null
          },
          "sensitive_attributes": [],
          "private": "eyJlMmJmYjczMC1lY2FhLTExZTYtOGY4OC0zNDM2M2JjN2M0YzAiOnsiY3JlYXRlIjoxODAwMDAwMDAwMDAwLCJkZWxldGUiOjE4MDAwMDAwMDAwMDAsInJlYWQiOjMwMDAwMDAwMDAwMCwidXBkYXRlIjoxODAwMDAwMDAwMDAwfX0="
        }
      ]
    }
  ]
}
