{
  "version": 4,
  "terraform_version": "1.2.8",
  "serial": 4,
  "lineage": "29f05138-82b1-1bc1-b116-e8db0bd47025",
  "outputs": {},
  "resources": [
    {
      "mode": "data",
      "type": "azurerm_app_service_plan",
      "name": "example",
      "provider": "provider[\"registry.terraform.io/hashicorp/azurerm\"]",
      "instances": [
        {
          "schema_version": 0,
          "attributes": {
            "app_service_environment_id": null,
            "id": "/subscriptions/7d357068-33cb-4607-bb4d-02eaf5d20f25/resourceGroups/MyResourceGroup921/providers/Microsoft.Web/serverfarms/someserviceplan",
            "is_xenon": false,
            "kind": "linux",
            "location": "westeurope",
            "maximum_elastic_worker_count": 2,
            "maximum_number_of_workers": 30,
            "name": "someserviceplan",
            "per_site_scaling": false,
            "reserved": true,
            "resource_group_name": "MyResourceGroup921",
            "sku": [
              {
                "capacity": 2,
                "size": "P1v2",
                "tier": "PremiumV2"
              }
            ],
            "tags": {},
            "timeouts": null,
            "zone_redundant": false
          },
          "sensitive_attributes": []
        }
      ]
    },
    {
      "mode": "managed",
      "type": "azurerm_app_service",
      "name": "myuniquelinuxwebapplication",
      "provider": "provider[\"registry.terraform.io/hashicorp/azurerm\"]",
      "instances": [
        {
          "schema_version": 0,
          "attributes": {
            "app_service_plan_id": "/subscriptions/7d357068-33cb-4607-bb4d-02eaf5d20f25/resourceGroups/MyResourceGroup921/providers/Microsoft.Web/serverfarms/someserviceplan",
            "app_settings": {},
            "auth_settings": [
              {
                "active_directory": [],
                "additional_login_params": {},
                "allowed_external_redirect_urls": [],
                "default_provider": "",
                "enabled": false,
                "facebook": [],
                "google": [],
                "issuer": "",
                "microsoft": [],
                "runtime_version": "",
                "token_refresh_extension_hours": 0,
                "token_store_enabled": false,
                "twitter": [],
                "unauthenticated_client_action": ""
              }
            ],
            "backup": [
              {
                "enabled": true,
                "name": "MyBackupName",
                "schedule": [
                  {
                    "frequency_interval": 30,
                    "frequency_unit": "Day",
                    "keep_at_least_one_backup": true,
                    "retention_period_in_days": 10,
                    "start_time": "2022-08-31T07:14:20Z"
                  }
                ],
                "storage_account_url": "https://storageaccountnameqwetih.blob.core.windows.net/mycontainer?sp=racwdli\u0026st=2022-08-31T12:12:45Z\u0026se=2022-08-31T20:12:45Z\u0026sv=2021-06-08\u0026sr=c\u0026sig=WbsDWM9WWNIoopFkBTDAOBHLhnZf4aVIZOdODRRaAZA%3D"
              }
            ],
            "client_affinity_enabled": false,
            "client_cert_enabled": false,
            "client_cert_mode": "Required",
            "connection_string": [
              {
                "name": "myConnectString",
                "type": "SQLServer",
                "value": "Server=tcp:mssqlserverqwrrqwr.database.windows.net,1433;Initial Catalog=myexamplesqldatabaseqweqw;Persist Security Info=False;User ID=mradministrator;Password=thisIsDog11;MultipleActiveResultSets=False;Encrypt=True;TrustServerCertificate=False;Connection Timeout=30;"
              }
            ],
            "custom_domain_verification_id": "63FCB78C949D33FA94A828357AEFC0F46C4FEF7CCB6BEA824B503AA67F1D9CF1",
            "default_site_hostname": "myuniquelinuxwebapplication.azurewebsites.net",
            "enabled": true,
            "https_only": false,
            "id": "/subscriptions/7d357068-33cb-4607-bb4d-02eaf5d20f25/resourceGroups/MyResourceGroup921/providers/Microsoft.Web/sites/myuniquelinuxwebapplication",
            "identity": [],
            "key_vault_reference_identity_id": "SystemAssigned",
            "location": "westeurope",
            "logs": [
              {
                "application_logs": [
                  {
                    "azure_blob_storage": [],
                    "file_system_level": "Off"
                  }
                ],
                "detailed_error_messages_enabled": false,
                "failed_request_tracing_enabled": false,
                "http_logs": [
                  {
                    "azure_blob_storage": [],
                    "file_system": []
                  }
                ]
              }
            ],
            "name": "myuniquelinuxwebapplication",
            "outbound_ip_address_list": [
              "20.229.249.199",
              "20.229.250.8",
              "20.31.228.28",
              "20.31.228.121",
              "20.31.231.7",
              "20.229.250.134",
              "20.105.216.13"
            ],
            "outbound_ip_addresses": "20.229.249.199,20.229.250.8,20.31.228.28,20.31.228.121,20.31.231.7,20.229.250.134,20.105.216.13",
            "possible_outbound_ip_address_list": [
              "20.31.230.78",
              "20.31.231.26",
              "20.229.249.101",
              "20.229.249.125",
              "20.229.249.153",
              "20.229.249.154",
              "20.229.249.199",
              "20.229.250.8",
              "20.31.228.28",
              "20.31.228.121",
              "20.31.231.7",
              "20.229.250.134",
              "20.31.226.78",
              "20.31.227.4",
              "20.31.227.36",
              "20.31.227.37",
              "20.31.227.103",
              "20.31.228.245",
              "20.31.229.26",
              "20.31.228.240",
              "20.31.229.111",
              "20.31.226.83",
              "20.31.229.94",
              "20.31.229.233",
              "20.105.216.13"
            ],
            "possible_outbound_ip_addresses": "20.31.230.78,20.31.231.26,20.229.249.101,20.229.249.125,20.229.249.153,20.229.249.154,20.229.249.199,20.229.250.8,20.31.228.28,20.31.228.121,20.31.231.7,20.229.250.134,20.31.226.78,20.31.227.4,20.31.227.36,20.31.227.37,20.31.227.103,20.31.228.245,20.31.229.26,20.31.228.240,20.31.229.111,20.31.226.83,20.31.229.94,20.31.229.233,20.105.216.13",
            "resource_group_name": "MyResourceGroup921",
            "site_config": [
              {
                "acr_use_managed_identity_credentials": false,
                "acr_user_managed_identity_client_id": "",
                "always_on": true,
                "app_command_line": "",
                "auto_swap_slot_name": "",
                "cors": [
                  {
                    "allowed_origins": [],
                    "support_credentials": false
                  }
                ],
                "default_documents": [
                  "Default.htm",
                  "Default.html",
                  "Default.asp",
                  "index.htm",
                  "index.html",
                  "iisstart.htm",
                  "default.aspx",
                  "index.php",
                  "hostingstart.html"
                ],
                "dotnet_framework_version": "v4.0",
                "ftps_state": "Disabled",
                "health_check_path": "",
                "http2_enabled": false,
                "ip_restriction": [],
                "java_container": "",
                "java_container_version": "",
                "java_version": "",
                "linux_fx_version": "DOCKER|mcr.microsoft.com/appsvc/staticsite:latest",
                "local_mysql_enabled": false,
                "managed_pipeline_mode": "Integrated",
                "min_tls_version": "1.2",
                "number_of_workers": 1,
                "php_version": "",
                "python_version": "",
                "remote_debugging_enabled": false,
                "remote_debugging_version": "VS2019",
                "scm_ip_restriction": [],
                "scm_type": "None",
                "scm_use_main_ip_restriction": false,
                "use_32_bit_worker_process": true,
                "vnet_route_all_enabled": false,
                "websockets_enabled": false,
                "windows_fx_version": ""
              }
            ],
            "site_credential": [
              {
                "password": "BzbZafro3fxWlg21Bra8TTCTzFGSlJGrzk7mDbcfe6laFqprv6XeJCzxQZWt",
                "username": "$myuniquelinuxwebapplication"
              }
            ],
            "source_control": [
              {
                "branch": "main",
                "manual_integration": false,
                "repo_url": "",
                "rollback_enabled": false,
                "use_mercurial": false
              }
            ],
            "storage_account": [],
            "tags": {},
            "timeouts": {
              "create": null,
              "delete": null,
              "read": null,
              "update": null
            }
          },
          "sensitive_attributes": [],
          "private": "eyJlMmJmYjczMC1lY2FhLTExZTYtOGY4OC0zNDM2M2JjN2M0YzAiOnsiY3JlYXRlIjoxODAwMDAwMDAwMDAwLCJkZWxldGUiOjE4MDAwMDAwMDAwMDAsInJlYWQiOjMwMDAwMDAwMDAwMCwidXBkYXRlIjoxODAwMDAwMDAwMDAwfX0=",
          "dependencies": [
            "data.azurerm_app_service_plan.example"
          ]
        }
      ]
    }
  ]
}
